altgraph==0.17.5
annotated-types==0.8.0
ast_serialize==0.6.0
colorama==0.4.6
coverage==7.15.2
iniconfig==2.3.0
librt==0.13.0
mypy==2.3.0
mypy_extensions==1.1.0
packaging==26.2
pathspec==1.1.1
pefile==2024.8.26
platformdirs==4.11.0
pluggy==1.6.0
psutil==7.2.2
pydantic==2.13.4
pydantic_core==2.46.4
Pygments==2.20.0
pyinstaller==6.21.0
pyinstaller-hooks-contrib==2026.6
pypinyin==0.55.0
PySide6_Essentials==6.11.1
pytest==9.1.1
pytest-cov==7.1.0
pytest-qt==4.5.0
pywin32==312
pywin32-ctypes==0.2.3
ruff==0.16.0
shiboken6==6.11.1
typing-inspection==0.4.2
typing_extensions==4.16.0
wexpect==4.0.0

